
Microsoft Visual Studio Solution File, Format Version 12.00
# Visual Studio Version 17
VisualStudioVersion = 17.13.35931.197 d17.13
MinimumVisualStudioVersion = 10.0.40219.1
Project("{FAE04EC0-301F-11D3-BF4B-00C04F79EFBC}") = "SoberPath_API", "SoberPath_API.csproj", "{49557771-9A24-4DAA-862A-B3BD124F5421}"
EndProject
Global
	GlobalSection(SolutionConfigurationPlatforms) = preSolution
		Debug|Any CPU = Debug|Any CPU
		Release|Any CPU = Release|Any CPU
	EndGlobalSection
	GlobalSection(ProjectConfigurationPlatforms) = postSolution
		{49557771-9A24-4DAA-862A-B3BD124F5421}.Debug|Any CPU.ActiveCfg = Debug|Any CPU
		{49557771-9A24-4DAA-862A-B3BD124F5421}.Debug|Any CPU.Build.0 = Debug|Any CPU
		{49557771-9A24-4DAA-862A-B3BD124F5421}.Release|Any CPU.ActiveCfg = Release|Any CPU
		{49557771-9A24-4DAA-862A-B3BD124F5421}.Release|Any CPU.Build.0 = Release|Any CPU
	EndGlobalSection
	GlobalSection(SolutionProperties) = preSolution
		HideSolutionNode = FALSE
	EndGlobalSection
	GlobalSection(ExtensibilityGlobals) = postSolution
		SolutionGuid = {E83ACCF7-81FC-4520-9E2F-AC95356F447C}
	EndGlobalSection
EndGlobal
